
Microsoft Visual Studio Solution File, Format Version 12.00
# Visual Studio Version 17
VisualStudioVersion = 17.9.34622.214
MinimumVisualStudioVersion = 10.0.40219.1
Project("{9A19103F-16F7-4668-BE54-9A1E7A4F7556}") = "ConsoleClient", "ConsoleClient\ConsoleClient.csproj", "{4D81E8AC-D278-43B9-B4FC-E280E74DF13C}"
EndProject
Project("{2150E333-8FDC-42A3-9474-1A3956D46DE8}") = "_Solution Items", "_Solution Items", "{435C1891-487A-448D-91A2-46049AC19B2D}"
	ProjectSection(SolutionItems) = preProject
		GeberitAnalysis.ndproj = GeberitAnalysis.ndproj
		GeberitRules.ndrules = GeberitRules.ndrules
	EndProjectSection
EndProject
Project("{2150E333-8FDC-42A3-9474-1A3956D46DE8}") = "UI", "UI", "{59321D9A-854D-4949-B41F-9C4A852B6A50}"
EndProject
Project("{2150E333-8FDC-42A3-9474-1A3956D46DE8}") = "Logic", "Logic", "{E60DC9D3-1D24-41CF-8E16-2B2E23C55913}"
EndProject
Project("{2150E333-8FDC-42A3-9474-1A3956D46DE8}") = "Data", "Data", "{ABF11907-C7F6-454A-9CC8-6917D33DD256}"
EndProject
Project("{2150E333-8FDC-42A3-9474-1A3956D46DE8}") = "CrossCutting", "CrossCutting", "{02CA3679-C120-4A62-B7AD-EB0000D0D5DE}"
EndProject
Project("{9A19103F-16F7-4668-BE54-9A1E7A4F7556}") = "DataClasses", "DataClasses\DataClasses.csproj", "{C033B6FB-BF82-48D7-AF6C-CDEA9D3E28D6}"
EndProject
Project("{9A19103F-16F7-4668-BE54-9A1E7A4F7556}") = "FileStorage", "FileStorage\FileStorage.csproj", "{D5212C1B-0226-40EA-87D5-BDD66EB3E32F}"
EndProject
Project("{9A19103F-16F7-4668-BE54-9A1E7A4F7556}") = "DataStorage", "DataStorage\DataStorage.csproj", "{D6D497FA-EB40-468D-B2D1-1D097288D0D3}"
EndProject
Project("{9A19103F-16F7-4668-BE54-9A1E7A4F7556}") = "PersonManagement", "PersonManagement\PersonManagement.csproj", "{FFFEE23F-9AAA-4E0B-AC90-3E558C8C9434}"
EndProject
Project("{2150E333-8FDC-42A3-9474-1A3956D46DE8}") = "Domain", "Domain", "{AF873187-DFAB-4212-B73C-D123F4F415B7}"
EndProject
Project("{2150E333-8FDC-42A3-9474-1A3956D46DE8}") = "Integration", "Integration", "{AC293ED8-A02A-4633-8EDF-3EDB68E630D6}"
EndProject
Project("{2150E333-8FDC-42A3-9474-1A3956D46DE8}") = "Business", "Business", "{9AD06205-365F-4395-9E95-1D35A18387E2}"
EndProject
Project("{9A19103F-16F7-4668-BE54-9A1E7A4F7556}") = "Workflows", "Workflows\Workflows.csproj", "{52D6E330-AEB3-43E6-8B13-744241ABDA13}"
EndProject
Project("{9A19103F-16F7-4668-BE54-9A1E7A4F7556}") = "EmailManagement", "EmailManagement\EmailManagement.csproj", "{199571E2-4D6B-46FA-B9D0-565F7F7D1832}"
EndProject
Project("{9A19103F-16F7-4668-BE54-9A1E7A4F7556}") = "OutlookManagement", "OutlookManagement\OutlookManagement.csproj", "{D8854D66-B67D-43EB-9C67-37B518F73B81}"
EndProject
Project("{2150E333-8FDC-42A3-9474-1A3956D46DE8}") = "Infrastructure", "Infrastructure", "{2132812A-AF42-4239-A5CC-9BA4320BF298}"
EndProject
Project("{9A19103F-16F7-4668-BE54-9A1E7A4F7556}") = "Mappings", "Mappings\Mappings.csproj", "{43D3BB75-26F6-4249-8BA1-A0AD15DC6966}"
EndProject
Project("{9A19103F-16F7-4668-BE54-9A1E7A4F7556}") = "ServiceClient", "ServiceClient\ServiceClient.csproj", "{742BF37C-6966-42BC-87A4-3385AE406D57}"
EndProject
Project("{FAE04EC0-301F-11D3-BF4B-00C04F79EFBC}") = "FileStorage.Contract", "FileStorage.Contract\FileStorage.Contract.csproj", "{938A3D56-6CF9-4285-9557-0EB727D663D1}"
EndProject
Project("{FAE04EC0-301F-11D3-BF4B-00C04F79EFBC}") = "DataStorage.Contract", "DataStorage.Contract\DataStorage.Contract.csproj", "{77202CF4-D89B-4BF5-A2AC-9269BFBDB09B}"
EndProject
Project("{FAE04EC0-301F-11D3-BF4B-00C04F79EFBC}") = "PersonManagement.Contract", "PersonManagement.Contract\PersonManagement.Contract.csproj", "{515E7A48-A674-40E4-95C3-5CE305989631}"
EndProject
Project("{FAE04EC0-301F-11D3-BF4B-00C04F79EFBC}") = "EmailManagement.Contract", "EmailManagement.Contract\EmailManagement.Contract.csproj", "{8C72D90E-87E8-4009-8E6B-AE50AC69718F}"
EndProject
Project("{FAE04EC0-301F-11D3-BF4B-00C04F79EFBC}") = "OutlookManagement.Contract", "OutlookManagement.Contract\OutlookManagement.Contract.csproj", "{5A534FA2-C9B7-4F1B-916B-E5FDAD35D1A9}"
EndProject
Project("{FAE04EC0-301F-11D3-BF4B-00C04F79EFBC}") = "Workflows.Contract", "Workflows.Contract\Workflows.Contract.csproj", "{A786D395-A411-4A9B-91DA-31D2C1A23FAD}"
EndProject
Project("{FAE04EC0-301F-11D3-BF4B-00C04F79EFBC}") = "Configuration.Contract", "Configuration.Contract\Configuration.Contract.csproj", "{6B3B55CC-AF54-4324-8BF2-A61B5840DB22}"
EndProject
Project("{FAE04EC0-301F-11D3-BF4B-00C04F79EFBC}") = "Configuration", "Configuration\Configuration.csproj", "{34FEA117-29D8-42FA-80C4-242A081DBC09}"
EndProject
Global
	GlobalSection(SolutionConfigurationPlatforms) = preSolution
		Debug|Any CPU = Debug|Any CPU
		Release|Any CPU = Release|Any CPU
	EndGlobalSection
	GlobalSection(ProjectConfigurationPlatforms) = postSolution
		{4D81E8AC-D278-43B9-B4FC-E280E74DF13C}.Debug|Any CPU.ActiveCfg = Debug|Any CPU
		{4D81E8AC-D278-43B9-B4FC-E280E74DF13C}.Debug|Any CPU.Build.0 = Debug|Any CPU
		{4D81E8AC-D278-43B9-B4FC-E280E74DF13C}.Release|Any CPU.ActiveCfg = Release|Any CPU
		{4D81E8AC-D278-43B9-B4FC-E280E74DF13C}.Release|Any CPU.Build.0 = Release|Any CPU
		{C033B6FB-BF82-48D7-AF6C-CDEA9D3E28D6}.Debug|Any CPU.ActiveCfg = Debug|Any CPU
		{C033B6FB-BF82-48D7-AF6C-CDEA9D3E28D6}.Debug|Any CPU.Build.0 = Debug|Any CPU
		{C033B6FB-BF82-48D7-AF6C-CDEA9D3E28D6}.Release|Any CPU.ActiveCfg = Release|Any CPU
		{C033B6FB-BF82-48D7-AF6C-CDEA9D3E28D6}.Release|Any CPU.Build.0 = Release|Any CPU
		{D5212C1B-0226-40EA-87D5-BDD66EB3E32F}.Debug|Any CPU.ActiveCfg = Debug|Any CPU
		{D5212C1B-0226-40EA-87D5-BDD66EB3E32F}.Debug|Any CPU.Build.0 = Debug|Any CPU
		{D5212C1B-0226-40EA-87D5-BDD66EB3E32F}.Release|Any CPU.ActiveCfg = Release|Any CPU
		{D5212C1B-0226-40EA-87D5-BDD66EB3E32F}.Release|Any CPU.Build.0 = Release|Any CPU
		{D6D497FA-EB40-468D-B2D1-1D097288D0D3}.Debug|Any CPU.ActiveCfg = Debug|Any CPU
		{D6D497FA-EB40-468D-B2D1-1D097288D0D3}.Debug|Any CPU.Build.0 = Debug|Any CPU
		{D6D497FA-EB40-468D-B2D1-1D097288D0D3}.Release|Any CPU.ActiveCfg = Release|Any CPU
		{D6D497FA-EB40-468D-B2D1-1D097288D0D3}.Release|Any CPU.Build.0 = Release|Any CPU
		{FFFEE23F-9AAA-4E0B-AC90-3E558C8C9434}.Debug|Any CPU.ActiveCfg = Debug|Any CPU
		{FFFEE23F-9AAA-4E0B-AC90-3E558C8C9434}.Debug|Any CPU.Build.0 = Debug|Any CPU
		{FFFEE23F-9AAA-4E0B-AC90-3E558C8C9434}.Release|Any CPU.ActiveCfg = Release|Any CPU
		{FFFEE23F-9AAA-4E0B-AC90-3E558C8C9434}.Release|Any CPU.Build.0 = Release|Any CPU
		{52D6E330-AEB3-43E6-8B13-744241ABDA13}.Debug|Any CPU.ActiveCfg = Debug|Any CPU
		{52D6E330-AEB3-43E6-8B13-744241ABDA13}.Debug|Any CPU.Build.0 = Debug|Any CPU
		{52D6E330-AEB3-43E6-8B13-744241ABDA13}.Release|Any CPU.ActiveCfg = Release|Any CPU
		{52D6E330-AEB3-43E6-8B13-744241ABDA13}.Release|Any CPU.Build.0 = Release|Any CPU
		{199571E2-4D6B-46FA-B9D0-565F7F7D1832}.Debug|Any CPU.ActiveCfg = Debug|Any CPU
		{199571E2-4D6B-46FA-B9D0-565F7F7D1832}.Debug|Any CPU.Build.0 = Debug|Any CPU
		{199571E2-4D6B-46FA-B9D0-565F7F7D1832}.Release|Any CPU.ActiveCfg = Release|Any CPU
		{199571E2-4D6B-46FA-B9D0-565F7F7D1832}.Release|Any CPU.Build.0 = Release|Any CPU
		{D8854D66-B67D-43EB-9C67-37B518F73B81}.Debug|Any CPU.ActiveCfg = Debug|Any CPU
		{D8854D66-B67D-43EB-9C67-37B518F73B81}.Debug|Any CPU.Build.0 = Debug|Any CPU
		{D8854D66-B67D-43EB-9C67-37B518F73B81}.Release|Any CPU.ActiveCfg = Release|Any CPU
		{D8854D66-B67D-43EB-9C67-37B518F73B81}.Release|Any CPU.Build.0 = Release|Any CPU
		{43D3BB75-26F6-4249-8BA1-A0AD15DC6966}.Debug|Any CPU.ActiveCfg = Debug|Any CPU
		{43D3BB75-26F6-4249-8BA1-A0AD15DC6966}.Debug|Any CPU.Build.0 = Debug|Any CPU
		{43D3BB75-26F6-4249-8BA1-A0AD15DC6966}.Release|Any CPU.ActiveCfg = Release|Any CPU
		{43D3BB75-26F6-4249-8BA1-A0AD15DC6966}.Release|Any CPU.Build.0 = Release|Any CPU
		{742BF37C-6966-42BC-87A4-3385AE406D57}.Debug|Any CPU.ActiveCfg = Debug|Any CPU
		{742BF37C-6966-42BC-87A4-3385AE406D57}.Debug|Any CPU.Build.0 = Debug|Any CPU
		{742BF37C-6966-42BC-87A4-3385AE406D57}.Release|Any CPU.ActiveCfg = Release|Any CPU
		{742BF37C-6966-42BC-87A4-3385AE406D57}.Release|Any CPU.Build.0 = Release|Any CPU
		{938A3D56-6CF9-4285-9557-0EB727D663D1}.Debug|Any CPU.ActiveCfg = Debug|Any CPU
		{938A3D56-6CF9-4285-9557-0EB727D663D1}.Debug|Any CPU.Build.0 = Debug|Any CPU
		{938A3D56-6CF9-4285-9557-0EB727D663D1}.Release|Any CPU.ActiveCfg = Release|Any CPU
		{938A3D56-6CF9-4285-9557-0EB727D663D1}.Release|Any CPU.Build.0 = Release|Any CPU
		{77202CF4-D89B-4BF5-A2AC-9269BFBDB09B}.Debug|Any CPU.ActiveCfg = Debug|Any CPU
		{77202CF4-D89B-4BF5-A2AC-9269BFBDB09B}.Debug|Any CPU.Build.0 = Debug|Any CPU
		{77202CF4-D89B-4BF5-A2AC-9269BFBDB09B}.Release|Any CPU.ActiveCfg = Release|Any CPU
		{77202CF4-D89B-4BF5-A2AC-9269BFBDB09B}.Release|Any CPU.Build.0 = Release|Any CPU
		{515E7A48-A674-40E4-95C3-5CE305989631}.Debug|Any CPU.ActiveCfg = Debug|Any CPU
		{515E7A48-A674-40E4-95C3-5CE305989631}.Debug|Any CPU.Build.0 = Debug|Any CPU
		{515E7A48-A674-40E4-95C3-5CE305989631}.Release|Any CPU.ActiveCfg = Release|Any CPU
		{515E7A48-A674-40E4-95C3-5CE305989631}.Release|Any CPU.Build.0 = Release|Any CPU
		{8C72D90E-87E8-4009-8E6B-AE50AC69718F}.Debug|Any CPU.ActiveCfg = Debug|Any CPU
		{8C72D90E-87E8-4009-8E6B-AE50AC69718F}.Debug|Any CPU.Build.0 = Debug|Any CPU
		{8C72D90E-87E8-4009-8E6B-AE50AC69718F}.Release|Any CPU.ActiveCfg = Release|Any CPU
		{8C72D90E-87E8-4009-8E6B-AE50AC69718F}.Release|Any CPU.Build.0 = Release|Any CPU
		{5A534FA2-C9B7-4F1B-916B-E5FDAD35D1A9}.Debug|Any CPU.ActiveCfg = Debug|Any CPU
		{5A534FA2-C9B7-4F1B-916B-E5FDAD35D1A9}.Debug|Any CPU.Build.0 = Debug|Any CPU
		{5A534FA2-C9B7-4F1B-916B-E5FDAD35D1A9}.Release|Any CPU.ActiveCfg = Release|Any CPU
		{5A534FA2-C9B7-4F1B-916B-E5FDAD35D1A9}.Release|Any CPU.Build.0 = Release|Any CPU
		{A786D395-A411-4A9B-91DA-31D2C1A23FAD}.Debug|Any CPU.ActiveCfg = Debug|Any CPU
		{A786D395-A411-4A9B-91DA-31D2C1A23FAD}.Debug|Any CPU.Build.0 = Debug|Any CPU
		{A786D395-A411-4A9B-91DA-31D2C1A23FAD}.Release|Any CPU.ActiveCfg = Release|Any CPU
		{A786D395-A411-4A9B-91DA-31D2C1A23FAD}.Release|Any CPU.Build.0 = Release|Any CPU
		{6B3B55CC-AF54-4324-8BF2-A61B5840DB22}.Debug|Any CPU.ActiveCfg = Debug|Any CPU
		{6B3B55CC-AF54-4324-8BF2-A61B5840DB22}.Debug|Any CPU.Build.0 = Debug|Any CPU
		{6B3B55CC-AF54-4324-8BF2-A61B5840DB22}.Release|Any CPU.ActiveCfg = Release|Any CPU
		{6B3B55CC-AF54-4324-8BF2-A61B5840DB22}.Release|Any CPU.Build.0 = Release|Any CPU
		{34FEA117-29D8-42FA-80C4-242A081DBC09}.Debug|Any CPU.ActiveCfg = Debug|Any CPU
		{34FEA117-29D8-42FA-80C4-242A081DBC09}.Debug|Any CPU.Build.0 = Debug|Any CPU
		{34FEA117-29D8-42FA-80C4-242A081DBC09}.Release|Any CPU.ActiveCfg = Release|Any CPU
		{34FEA117-29D8-42FA-80C4-242A081DBC09}.Release|Any CPU.Build.0 = Release|Any CPU
	EndGlobalSection
	GlobalSection(SolutionProperties) = preSolution
		HideSolutionNode = FALSE
	EndGlobalSection
	GlobalSection(NestedProjects) = preSolution
		{4D81E8AC-D278-43B9-B4FC-E280E74DF13C} = {59321D9A-854D-4949-B41F-9C4A852B6A50}
		{C033B6FB-BF82-48D7-AF6C-CDEA9D3E28D6} = {02CA3679-C120-4A62-B7AD-EB0000D0D5DE}
		{D5212C1B-0226-40EA-87D5-BDD66EB3E32F} = {ABF11907-C7F6-454A-9CC8-6917D33DD256}
		{D6D497FA-EB40-468D-B2D1-1D097288D0D3} = {ABF11907-C7F6-454A-9CC8-6917D33DD256}
		{FFFEE23F-9AAA-4E0B-AC90-3E558C8C9434} = {AF873187-DFAB-4212-B73C-D123F4F415B7}
		{AF873187-DFAB-4212-B73C-D123F4F415B7} = {E60DC9D3-1D24-41CF-8E16-2B2E23C55913}
		{AC293ED8-A02A-4633-8EDF-3EDB68E630D6} = {E60DC9D3-1D24-41CF-8E16-2B2E23C55913}
		{9AD06205-365F-4395-9E95-1D35A18387E2} = {E60DC9D3-1D24-41CF-8E16-2B2E23C55913}
		{52D6E330-AEB3-43E6-8B13-744241ABDA13} = {9AD06205-365F-4395-9E95-1D35A18387E2}
		{199571E2-4D6B-46FA-B9D0-565F7F7D1832} = {AC293ED8-A02A-4633-8EDF-3EDB68E630D6}
		{D8854D66-B67D-43EB-9C67-37B518F73B81} = {AC293ED8-A02A-4633-8EDF-3EDB68E630D6}
		{43D3BB75-26F6-4249-8BA1-A0AD15DC6966} = {2132812A-AF42-4239-A5CC-9BA4320BF298}
		{742BF37C-6966-42BC-87A4-3385AE406D57} = {59321D9A-854D-4949-B41F-9C4A852B6A50}
		{938A3D56-6CF9-4285-9557-0EB727D663D1} = {ABF11907-C7F6-454A-9CC8-6917D33DD256}
		{77202CF4-D89B-4BF5-A2AC-9269BFBDB09B} = {ABF11907-C7F6-454A-9CC8-6917D33DD256}
		{515E7A48-A674-40E4-95C3-5CE305989631} = {AF873187-DFAB-4212-B73C-D123F4F415B7}
		{8C72D90E-87E8-4009-8E6B-AE50AC69718F} = {AC293ED8-A02A-4633-8EDF-3EDB68E630D6}
		{5A534FA2-C9B7-4F1B-916B-E5FDAD35D1A9} = {AC293ED8-A02A-4633-8EDF-3EDB68E630D6}
		{A786D395-A411-4A9B-91DA-31D2C1A23FAD} = {9AD06205-365F-4395-9E95-1D35A18387E2}
		{6B3B55CC-AF54-4324-8BF2-A61B5840DB22} = {02CA3679-C120-4A62-B7AD-EB0000D0D5DE}
		{34FEA117-29D8-42FA-80C4-242A081DBC09} = {02CA3679-C120-4A62-B7AD-EB0000D0D5DE}
	EndGlobalSection
	GlobalSection(ExtensibilityGlobals) = postSolution
		SolutionGuid = {2F57F6E5-9A61-4017-9137-BD4433108DD4}
	EndGlobalSection
EndGlobal
